
Microsoft Visual Studio Solution File, Format Version 12.00
# Visual Studio Version 17
VisualStudioVersion = 17.9.34728.123
MinimumVisualStudioVersion = 10.0.40219.1
Project("{FAE04EC0-301F-11D3-BF4B-00C04F79EFBC}") = "SetUpCamp", "SetUpCamp.csproj", "{D4AD439A-6CAB-44BD-AB1F-E4894AF10DEC}"
EndProject
Global
	GlobalSection(SolutionConfigurationPlatforms) = preSolution
		Debug|Any CPU = Debug|Any CPU
		Release|Any CPU = Release|Any CPU
	EndGlobalSection
	GlobalSection(ProjectConfigurationPlatforms) = postSolution
		{D4AD439A-6CAB-44BD-AB1F-E4894AF10DEC}.Debug|Any CPU.ActiveCfg = Debug|Any CPU
		{D4AD439A-6CAB-44BD-AB1F-E4894AF10DEC}.Debug|Any CPU.Build.0 = Debug|Any CPU
		{D4AD439A-6CAB-44BD-AB1F-E4894AF10DEC}.Release|Any CPU.ActiveCfg = Release|Any CPU
		{D4AD439A-6CAB-44BD-AB1F-E4894AF10DEC}.Release|Any CPU.Build.0 = Release|Any CPU
	EndGlobalSection
	GlobalSection(SolutionProperties) = preSolution
		HideSolutionNode = FALSE
	EndGlobalSection
	GlobalSection(ExtensibilityGlobals) = postSolution
		SolutionGuid = {06A37910-E35C-44D4-AFCE-56C887A151D6}
	EndGlobalSection
EndGlobal
